
Microsoft Visual Studio Solution File, Format Version 12.00
# Visual Studio Version 17
VisualStudioVersion = 17.1.32228.430
MinimumVisualStudioVersion = 10.0.40219.1
Project("{E24C65DC-7377-472B-9ABA-BC803B73C61A}") = "註冊", ".", "{3852B203-A62F-48E2-9BE2-E88A7BD8F284}"
	ProjectSection(WebsiteProperties) = preProject
		TargetFrameworkMoniker = ".NETFramework,Version%3Dv3.5"
		Debug.AspNetCompiler.VirtualPath = "/localhost_61231"
		Debug.AspNetCompiler.PhysicalPath = "..\註冊\"
		Debug.AspNetCompiler.TargetPath = "PrecompiledWeb\localhost_61231\"
		Debug.AspNetCompiler.Updateable = "true"
		Debug.AspNetCompiler.ForceOverwrite = "true"
		Debug.AspNetCompiler.FixedNames = "false"
		Debug.AspNetCompiler.Debug = "True"
		Release.AspNetCompiler.VirtualPath = "/localhost_61231"
		Release.AspNetCompiler.PhysicalPath = "..\註冊\"
		Release.AspNetCompiler.TargetPath = "PrecompiledWeb\localhost_61231\"
		Release.AspNetCompiler.Updateable = "true"
		Release.AspNetCompiler.ForceOverwrite = "true"
		Release.AspNetCompiler.FixedNames = "false"
		Release.AspNetCompiler.Debug = "False"
		VWDPort = "61231"
		DefaultWebSiteLanguage = "Visual C#"
	EndProjectSection
EndProject
Global
	GlobalSection(SolutionConfigurationPlatforms) = preSolution
		Debug|Any CPU = Debug|Any CPU
	EndGlobalSection
	GlobalSection(ProjectConfigurationPlatforms) = postSolution
		{3852B203-A62F-48E2-9BE2-E88A7BD8F284}.Debug|Any CPU.ActiveCfg = Debug|Any CPU
		{3852B203-A62F-48E2-9BE2-E88A7BD8F284}.Debug|Any CPU.Build.0 = Debug|Any CPU
	EndGlobalSection
	GlobalSection(SolutionProperties) = preSolution
		HideSolutionNode = FALSE
	EndGlobalSection
	GlobalSection(ExtensibilityGlobals) = postSolution
		SolutionGuid = {7BD32012-6F56-4888-8F43-7C6A945192DB}
	EndGlobalSection
EndGlobal
